# This file is autogenerated, do not edit; changes may be undone by the next 'dep ensure'.


[[projects]]
  name = "github.com/joho/godotenv"
  packages = ["."]
  revision = "726cc8b906e3d31c70a9671c90a13716a8d3f50d"
  version = "v1.1"

[[projects]]
  branch = "master"
  name = "github.com/streadway/amqp"
  packages = ["."]
  revision = "2cbfe40c9341ad63ba23e53013b3ddc7989d801c"

[solve-meta]
  analyzer-name = "dep"
  analyzer-version = 1
  inputs-digest = "43ba8ecd43e0cd32089a3e38b377c39f25ff05553351b02eedca96e5b1afc39d"
  solver-name = "gps-cdcl"
  solver-version = 1
